// !$*UTF8*$!
{
	archiveVersion = 1;
	classes = {
	};
	objectVersion = 48;
	objects = {

/* Begin PBXBuildFile section */
		016B3AF120E65A0F00A9A6BB /* Comunity.swift in Sources */ = {isa = PBXBuildFile; fileRef = 016B3AF020E65A0F00A9A6BB /* Comunity.swift */; };
		016B3AF320E65A2C00A9A6BB /* Profile.swift in Sources */ = {isa = PBXBuildFile; fileRef = 016B3AF220E65A2C00A9A6BB /* Profile.swift */; };
		016B3AF520E65A5000A9A6BB /* Knowledge.swift in Sources */ = {isa = PBXBuildFile; fileRef = 016B3AF420E65A5000A9A6BB /* Knowledge.swift */; };
		016B3AF720E65A6D00A9A6BB /* UsingDefaults.swift in Sources */ = {isa = PBXBuildFile; fileRef = 016B3AF620E65A6D00A9A6BB /* UsingDefaults.swift */; };
		E30BF33920E107CC004F5E9E /* AnswersTableCell.swift in Sources */ = {isa = PBXBuildFile; fileRef = E30BF33820E107CB004F5E9E /* AnswersTableCell.swift */; };
		E30BF33B20E10B56004F5E9E /* Answer.swift in Sources */ = {isa = PBXBuildFile; fileRef = E30BF33A20E10B56004F5E9E /* Answer.swift */; };
		E30BF33D20E10E21004F5E9E /* Answers.swift in Sources */ = {isa = PBXBuildFile; fileRef = E30BF33C20E10E21004F5E9E /* Answers.swift */; };
		E312B4DE20EB8FB600647696 /* MyUITabBarController.swift in Sources */ = {isa = PBXBuildFile; fileRef = E312B4DD20EB8FB600647696 /* MyUITabBarController.swift */; };
		E312B4E020EBA4E700647696 /* MyNavigationController.swift in Sources */ = {isa = PBXBuildFile; fileRef = E312B4DF20EBA4E700647696 /* MyNavigationController.swift */; };
		E312B4E220EBAB6500647696 /* ComunitiesViewController.swift in Sources */ = {isa = PBXBuildFile; fileRef = E312B4E120EBAB6400647696 /* ComunitiesViewController.swift */; };
		E35ACCC320DA975D00DA01FA /* MyTableCell.swift in Sources */ = {isa = PBXBuildFile; fileRef = E35ACCC220DA975D00DA01FA /* MyTableCell.swift */; };
		E35ACCC520DA9A7E00DA01FA /* Question.swift in Sources */ = {isa = PBXBuildFile; fileRef = E35ACCC420DA9A7E00DA01FA /* Question.swift */; };
		E3933E0220E3B09700D8484D /* Questions.swift in Sources */ = {isa = PBXBuildFile; fileRef = E3933E0120E3B09700D8484D /* Questions.swift */; };
		E3933E0420E3C61B00D8484D /* NewAnswerViewController.swift in Sources */ = {isa = PBXBuildFile; fileRef = E3933E0320E3C61B00D8484D /* NewAnswerViewController.swift */; };
		E3A652BE20DA91A200928215 /* AppDelegate.swift in Sources */ = {isa = PBXBuildFile; fileRef = E3A652BD20DA91A200928215 /* AppDelegate.swift */; };
		E3A652C020DA91A200928215 /* ViewController.swift in Sources */ = {isa = PBXBuildFile; fileRef = E3A652BF20DA91A200928215 /* ViewController.swift */; };
		E3A652C320DA91A200928215 /* Main.storyboard in Resources */ = {isa = PBXBuildFile; fileRef = E3A652C120DA91A200928215 /* Main.storyboard */; };
		E3A652C520DA91A200928215 /* Assets.xcassets in Resources */ = {isa = PBXBuildFile; fileRef = E3A652C420DA91A200928215 /* Assets.xcassets */; };
		E3A652C820DA91A200928215 /* LaunchScreen.storyboard in Resources */ = {isa = PBXBuildFile; fileRef = E3A652C620DA91A200928215 /* LaunchScreen.storyboard */; };
		E3A652D320DA91A200928215 /* AppFoundationsTests.swift in Sources */ = {isa = PBXBuildFile; fileRef = E3A652D220DA91A200928215 /* AppFoundationsTests.swift */; };
		E3A652DE20DA91A200928215 /* AppFoundationsUITests.swift in Sources */ = {isa = PBXBuildFile; fileRef = E3A652DD20DA91A200928215 /* AppFoundationsUITests.swift */; };
		E3DA979C20E27F5E00D34A8A /* WriteQuestionViewController.swift in Sources */ = {isa = PBXBuildFile; fileRef = E3DA979B20E27F5E00D34A8A /* WriteQuestionViewController.swift */; };
		E3DEFC6120E51D2200497CAF /* ComunityViewController.swift in Sources */ = {isa = PBXBuildFile; fileRef = E3DEFC6020E51D2200497CAF /* ComunityViewController.swift */; };
		E3DEFC6320E51D4000497CAF /* ProfileViewController.swift in Sources */ = {isa = PBXBuildFile; fileRef = E3DEFC6220E51D4000497CAF /* ProfileViewController.swift */; };
		E3F09EA920DBE47200716747 /* AnswersViewController.swift in Sources */ = {isa = PBXBuildFile; fileRef = E3F09EA820DBE47200716747 /* AnswersViewController.swift */; };
/* End PBXBuildFile section */

/* Begin PBXContainerItemProxy section */
		E3A652CF20DA91A200928215 /* PBXContainerItemProxy */ = {
			isa = PBXContainerItemProxy;
			containerPortal = E3A652B220DA91A200928215 /* Project object */;
			proxyType = 1;
			remoteGlobalIDString = E3A652B920DA91A200928215;
			remoteInfo = AppFoundations;
		};
		E3A652DA20DA91A200928215 /* PBXContainerItemProxy */ = {
			isa = PBXContainerItemProxy;
			containerPortal = E3A652B220DA91A200928215 /* Project object */;
			proxyType = 1;
			remoteGlobalIDString = E3A652B920DA91A200928215;
			remoteInfo = AppFoundations;
		};
/* End PBXContainerItemProxy section */

/* Begin PBXFileReference section */
		016B3AF020E65A0F00A9A6BB /* Comunity.swift */ = {isa = PBXFileReference; lastKnownFileType = sourcecode.swift; path = Comunity.swift; sourceTree = "<group>"; };
		016B3AF220E65A2C00A9A6BB /* Profile.swift */ = {isa = PBXFileReference; lastKnownFileType = sourcecode.swift; path = Profile.swift; sourceTree = "<group>"; };
		016B3AF420E65A5000A9A6BB /* Knowledge.swift */ = {isa = PBXFileReference; lastKnownFileType = sourcecode.swift; path = Knowledge.swift; sourceTree = "<group>"; };
		016B3AF620E65A6D00A9A6BB /* UsingDefaults.swift */ = {isa = PBXFileReference; lastKnownFileType = sourcecode.swift; path = UsingDefaults.swift; sourceTree = "<group>"; };
		E30BF33820E107CB004F5E9E /* AnswersTableCell.swift */ = {isa = PBXFileReference; lastKnownFileType = sourcecode.swift; path = AnswersTableCell.swift; sourceTree = "<group>"; };
		E30BF33A20E10B56004F5E9E /* Answer.swift */ = {isa = PBXFileReference; lastKnownFileType = sourcecode.swift; path = Answer.swift; sourceTree = "<group>"; };
		E30BF33C20E10E21004F5E9E /* Answers.swift */ = {isa = PBXFileReference; lastKnownFileType = sourcecode.swift; path = Answers.swift; sourceTree = "<group>"; };
		E312B4DD20EB8FB600647696 /* MyUITabBarController.swift */ = {isa = PBXFileReference; lastKnownFileType = sourcecode.swift; path = MyUITabBarController.swift; sourceTree = "<group>"; };
		E312B4DF20EBA4E700647696 /* MyNavigationController.swift */ = {isa = PBXFileReference; lastKnownFileType = sourcecode.swift; path = MyNavigationController.swift; sourceTree = "<group>"; };
		E312B4E120EBAB6400647696 /* ComunitiesViewController.swift */ = {isa = PBXFileReference; lastKnownFileType = sourcecode.swift; path = ComunitiesViewController.swift; sourceTree = "<group>"; };
		E35ACCC220DA975D00DA01FA /* MyTableCell.swift */ = {isa = PBXFileReference; lastKnownFileType = sourcecode.swift; path = MyTableCell.swift; sourceTree = "<group>"; };
		E35ACCC420DA9A7E00DA01FA /* Question.swift */ = {isa = PBXFileReference; lastKnownFileType = sourcecode.swift; path = Question.swift; sourceTree = "<group>"; };
		E3933E0120E3B09700D8484D /* Questions.swift */ = {isa = PBXFileReference; lastKnownFileType = sourcecode.swift; path = Questions.swift; sourceTree = "<group>"; };
		E3933E0320E3C61B00D8484D /* NewAnswerViewController.swift */ = {isa = PBXFileReference; lastKnownFileType = sourcecode.swift; path = NewAnswerViewController.swift; sourceTree = "<group>"; };
		E3A652BA20DA91A200928215 /* AppFoundations.app */ = {isa = PBXFileReference; explicitFileType = wrapper.application; includeInIndex = 0; path = AppFoundations.app; sourceTree = BUILT_PRODUCTS_DIR; };
		E3A652BD20DA91A200928215 /* AppDelegate.swift */ = {isa = PBXFileReference; lastKnownFileType = sourcecode.swift; path = AppDelegate.swift; sourceTree = "<group>"; };
		E3A652BF20DA91A200928215 /* ViewController.swift */ = {isa = PBXFileReference; lastKnownFileType = sourcecode.swift; path = ViewController.swift; sourceTree = "<group>"; };
		E3A652C220DA91A200928215 /* Base */ = {isa = PBXFileReference; lastKnownFileType = file.storyboard; name = Base; path = Base.lproj/Main.storyboard; sourceTree = "<group>"; };
		E3A652C420DA91A200928215 /* Assets.xcassets */ = {isa = PBXFileReference; lastKnownFileType = folder.assetcatalog; path = Assets.xcassets; sourceTree = "<group>"; };
		E3A652C720DA91A200928215 /* Base */ = {isa = PBXFileReference; lastKnownFileType = file.storyboard; name = Base; path = Base.lproj/LaunchScreen.storyboard; sourceTree = "<group>"; };
		E3A652C920DA91A200928215 /* Info.plist */ = {isa = PBXFileReference; lastKnownFileType = text.plist.xml; path = Info.plist; sourceTree = "<group>"; };
		E3A652CE20DA91A200928215 /* AppFoundationsTests.xctest */ = {isa = PBXFileReference; explicitFileType = wrapper.cfbundle; includeInIndex = 0; path = AppFoundationsTests.xctest; sourceTree = BUILT_PRODUCTS_DIR; };
		E3A652D220DA91A200928215 /* AppFoundationsTests.swift */ = {isa = PBXFileReference; lastKnownFileType = sourcecode.swift; path = AppFoundationsTests.swift; sourceTree = "<group>"; };
		E3A652D420DA91A200928215 /* Info.plist */ = {isa = PBXFileReference; lastKnownFileType = text.plist.xml; path = Info.plist; sourceTree = "<group>"; };
		E3A652D920DA91A200928215 /* AppFoundationsUITests.xctest */ = {isa = PBXFileReference; explicitFileType = wrapper.cfbundle; includeInIndex = 0; path = AppFoundationsUITests.xctest; sourceTree = BUILT_PRODUCTS_DIR; };
		E3A652DD20DA91A200928215 /* AppFoundationsUITests.swift */ = {isa = PBXFileReference; lastKnownFileType = sourcecode.swift; path = AppFoundationsUITests.swift; sourceTree = "<group>"; };
		E3A652DF20DA91A200928215 /* Info.plist */ = {isa = PBXFileReference; lastKnownFileType = text.plist.xml; path = Info.plist; sourceTree = "<group>"; };
		E3DA979B20E27F5E00D34A8A /* WriteQuestionViewController.swift */ = {isa = PBXFileReference; lastKnownFileType = sourcecode.swift; path = WriteQuestionViewController.swift; sourceTree = "<group>"; };
		E3DEFC6020E51D2200497CAF /* ComunityViewController.swift */ = {isa = PBXFileReference; lastKnownFileType = sourcecode.swift; path = ComunityViewController.swift; sourceTree = "<group>"; };
		E3DEFC6220E51D4000497CAF /* ProfileViewController.swift */ = {isa = PBXFileReference; lastKnownFileType = sourcecode.swift; path = ProfileViewController.swift; sourceTree = "<group>"; };
		E3F09EA820DBE47200716747 /* AnswersViewController.swift */ = {isa = PBXFileReference; lastKnownFileType = sourcecode.swift; path = AnswersViewController.swift; sourceTree = "<group>"; };
/* End PBXFileReference section */

/* Begin PBXFrameworksBuildPhase section */
		E3A652B720DA91A200928215 /* Frameworks */ = {
			isa = PBXFrameworksBuildPhase;
			buildActionMask = 2147483647;
			files = (
			);
			runOnlyForDeploymentPostprocessing = 0;
		};
		E3A652CB20DA91A200928215 /* Frameworks */ = {
			isa = PBXFrameworksBuildPhase;
			buildActionMask = 2147483647;
			files = (
			);
			runOnlyForDeploymentPostprocessing = 0;
		};
		E3A652D620DA91A200928215 /* Frameworks */ = {
			isa = PBXFrameworksBuildPhase;
			buildActionMask = 2147483647;
			files = (
			);
			runOnlyForDeploymentPostprocessing = 0;
		};
/* End PBXFrameworksBuildPhase section */

/* Begin PBXGroup section */
		E3A652B120DA91A200928215 = {
			isa = PBXGroup;
			children = (
				E3A652BC20DA91A200928215 /* AppFoundations */,
				E3A652D120DA91A200928215 /* AppFoundationsTests */,
				E3A652DC20DA91A200928215 /* AppFoundationsUITests */,
				E3A652BB20DA91A200928215 /* Products */,
			);
			sourceTree = "<group>";
		};
		E3A652BB20DA91A200928215 /* Products */ = {
			isa = PBXGroup;
			children = (
				E3A652BA20DA91A200928215 /* AppFoundations.app */,
				E3A652CE20DA91A200928215 /* AppFoundationsTests.xctest */,
				E3A652D920DA91A200928215 /* AppFoundationsUITests.xctest */,
			);
			name = Products;
			sourceTree = "<group>";
		};
		E3A652BC20DA91A200928215 /* AppFoundations */ = {
			isa = PBXGroup;
			children = (
				E3A652BD20DA91A200928215 /* AppDelegate.swift */,
				E3A652BF20DA91A200928215 /* ViewController.swift */,
				E35ACCC220DA975D00DA01FA /* MyTableCell.swift */,
				E3A652C120DA91A200928215 /* Main.storyboard */,
				E3DEFC6220E51D4000497CAF /* ProfileViewController.swift */,
				E3DEFC6020E51D2200497CAF /* ComunityViewController.swift */,
				E3A652C420DA91A200928215 /* Assets.xcassets */,
				E3A652C620DA91A200928215 /* LaunchScreen.storyboard */,
				E3A652C920DA91A200928215 /* Info.plist */,
				E35ACCC420DA9A7E00DA01FA /* Question.swift */,
				E3F09EA820DBE47200716747 /* AnswersViewController.swift */,
				E30BF33C20E10E21004F5E9E /* Answers.swift */,
				E30BF33A20E10B56004F5E9E /* Answer.swift */,
				E30BF33820E107CB004F5E9E /* AnswersTableCell.swift */,
				E3DA979B20E27F5E00D34A8A /* WriteQuestionViewController.swift */,
				E3933E0120E3B09700D8484D /* Questions.swift */,
				E3933E0320E3C61B00D8484D /* NewAnswerViewController.swift */,
				016B3AF020E65A0F00A9A6BB /* Comunity.swift */,
				016B3AF220E65A2C00A9A6BB /* Profile.swift */,
				016B3AF420E65A5000A9A6BB /* Knowledge.swift */,
				016B3AF620E65A6D00A9A6BB /* UsingDefaults.swift */,
				E312B4DD20EB8FB600647696 /* MyUITabBarController.swift */,
				E312B4DF20EBA4E700647696 /* MyNavigationController.swift */,
				E312B4E120EBAB6400647696 /* ComunitiesViewController.swift */,
			);
			path = AppFoundations;
			sourceTree = "<group>";
		};
		E3A652D120DA91A200928215 /* AppFoundationsTests */ = {
			isa = PBXGroup;
			children = (
				E3A652D220DA91A200928215 /* AppFoundationsTests.swift */,
				E3A652D420DA91A200928215 /* Info.plist */,
			);
			path = AppFoundationsTests;
			sourceTree = "<group>";
		};
		E3A652DC20DA91A200928215 /* AppFoundationsUITests */ = {
			isa = PBXGroup;
			children = (
				E3A652DD20DA91A200928215 /* AppFoundationsUITests.swift */,
				E3A652DF20DA91A200928215 /* Info.plist */,
			);
			path = AppFoundationsUITests;
			sourceTree = "<group>";
		};
/* End PBXGroup section */

/* Begin PBXNativeTarget section */
		E3A652B920DA91A200928215 /* AppFoundations */ = {
			isa = PBXNativeTarget;
			buildConfigurationList = E3A652E220DA91A200928215 /* Build configuration list for PBXNativeTarget "AppFoundations" */;
			buildPhases = (
				E3A652B620DA91A200928215 /* Sources */,
				E3A652B720DA91A200928215 /* Frameworks */,
				E3A652B820DA91A200928215 /* Resources */,
			);
			buildRules = (
			);
			dependencies = (
			);
			name = AppFoundations;
			productName = AppFoundations;
			productReference = E3A652BA20DA91A200928215 /* AppFoundations.app */;
			productType = "com.apple.product-type.application";
		};
		E3A652CD20DA91A200928215 /* AppFoundationsTests */ = {
			isa = PBXNativeTarget;
			buildConfigurationList = E3A652E520DA91A200928215 /* Build configuration list for PBXNativeTarget "AppFoundationsTests" */;
			buildPhases = (
				E3A652CA20DA91A200928215 /* Sources */,
				E3A652CB20DA91A200928215 /* Frameworks */,
				E3A652CC20DA91A200928215 /* Resources */,
			);
			buildRules = (
			);
			dependencies = (
				E3A652D020DA91A200928215 /* PBXTargetDependency */,
			);
			name = AppFoundationsTests;
			productName = AppFoundationsTests;
			productReference = E3A652CE20DA91A200928215 /* AppFoundationsTests.xctest */;
			productType = "com.apple.product-type.bundle.unit-test";
		};
		E3A652D820DA91A200928215 /* AppFoundationsUITests */ = {
			isa = PBXNativeTarget;
			buildConfigurationList = E3A652E820DA91A200928215 /* Build configuration list for PBXNativeTarget "AppFoundationsUITests" */;
			buildPhases = (
				E3A652D520DA91A200928215 /* Sources */,
				E3A652D620DA91A200928215 /* Frameworks */,
				E3A652D720DA91A200928215 /* Resources */,
			);
			buildRules = (
			);
			dependencies = (
				E3A652DB20DA91A200928215 /* PBXTargetDependency */,
			);
			name = AppFoundationsUITests;
			productName = AppFoundationsUITests;
			productReference = E3A652D920DA91A200928215 /* AppFoundationsUITests.xctest */;
			productType = "com.apple.product-type.bundle.ui-testing";
		};
/* End PBXNativeTarget section */

/* Begin PBXProject section */
		E3A652B220DA91A200928215 /* Project object */ = {
			isa = PBXProject;
			attributes = {
				LastSwiftUpdateCheck = 0920;
				LastUpgradeCheck = 0920;
				ORGANIZATIONNAME = "Gabriel Henrique Daniel da Silva";
				TargetAttributes = {
					E3A652B920DA91A200928215 = {
						CreatedOnToolsVersion = 9.2;
						ProvisioningStyle = Automatic;
					};
					E3A652CD20DA91A200928215 = {
						CreatedOnToolsVersion = 9.2;
						ProvisioningStyle = Automatic;
						TestTargetID = E3A652B920DA91A200928215;
					};
					E3A652D820DA91A200928215 = {
						CreatedOnToolsVersion = 9.2;
						ProvisioningStyle = Automatic;
						TestTargetID = E3A652B920DA91A200928215;
					};
				};
			};
			buildConfigurationList = E3A652B520DA91A200928215 /* Build configuration list for PBXProject "AppFoundations" */;
			compatibilityVersion = "Xcode 8.0";
			developmentRegion = en;
			hasScannedForEncodings = 0;
			knownRegions = (
				en,
				Base,
			);
			mainGroup = E3A652B120DA91A200928215;
			productRefGroup = E3A652BB20DA91A200928215 /* Products */;
			projectDirPath = "";
			projectRoot = "";
			targets = (
				E3A652B920DA91A200928215 /* AppFoundations */,
				E3A652CD20DA91A200928215 /* AppFoundationsTests */,
				E3A652D820DA91A200928215 /* AppFoundationsUITests */,
			);
		};
/* End PBXProject section */

/* Begin PBXResourcesBuildPhase section */
		E3A652B820DA91A200928215 /* Resources */ = {
			isa = PBXResourcesBuildPhase;
			buildActionMask = 2147483647;
			files = (
				E3A652C820DA91A200928215 /* LaunchScreen.storyboard in Resources */,
				E3A652C520DA91A200928215 /* Assets.xcassets in Resources */,
				E3A652C320DA91A200928215 /* Main.storyboard in Resources */,
			);
			runOnlyForDeploymentPostprocessing = 0;
		};
		E3A652CC20DA91A200928215 /* Resources */ = {
			isa = PBXResourcesBuildPhase;
			buildActionMask = 2147483647;
			files = (
			);
			runOnlyForDeploymentPostprocessing = 0;
		};
		E3A652D720DA91A200928215 /* Resources */ = {
			isa = PBXResourcesBuildPhase;
			buildActionMask = 2147483647;
			files = (
			);
			runOnlyForDeploymentPostprocessing = 0;
		};
/* End PBXResourcesBuildPhase section */

/* Begin PBXSourcesBuildPhase section */
		E3A652B620DA91A200928215 /* Sources */ = {
			isa = PBXSourcesBuildPhase;
			buildActionMask = 2147483647;
			files = (
				E3A652C020DA91A200928215 /* ViewController.swift in Sources */,
				016B3AF320E65A2C00A9A6BB /* Profile.swift in Sources */,
				E35ACCC520DA9A7E00DA01FA /* Question.swift in Sources */,
				E3DEFC6120E51D2200497CAF /* ComunityViewController.swift in Sources */,
				E30BF33920E107CC004F5E9E /* AnswersTableCell.swift in Sources */,
				E312B4E020EBA4E700647696 /* MyNavigationController.swift in Sources */,
				E3933E0220E3B09700D8484D /* Questions.swift in Sources */,
				016B3AF120E65A0F00A9A6BB /* Comunity.swift in Sources */,
				E312B4E220EBAB6500647696 /* ComunitiesViewController.swift in Sources */,
				E3DA979C20E27F5E00D34A8A /* WriteQuestionViewController.swift in Sources */,
				016B3AF720E65A6D00A9A6BB /* UsingDefaults.swift in Sources */,
				E30BF33D20E10E21004F5E9E /* Answers.swift in Sources */,
				E30BF33B20E10B56004F5E9E /* Answer.swift in Sources */,
				016B3AF520E65A5000A9A6BB /* Knowledge.swift in Sources */,
				E3A652BE20DA91A200928215 /* AppDelegate.swift in Sources */,
				E312B4DE20EB8FB600647696 /* MyUITabBarController.swift in Sources */,
				E3933E0420E3C61B00D8484D /* NewAnswerViewController.swift in Sources */,
				E3DEFC6320E51D4000497CAF /* ProfileViewController.swift in Sources */,
				E35ACCC320DA975D00DA01FA /* MyTableCell.swift in Sources */,
				E3F09EA920DBE47200716747 /* AnswersViewController.swift in Sources */,
			);
			runOnlyForDeploymentPostprocessing = 0;
		};
		E3A652CA20DA91A200928215 /* Sources */ = {
			isa = PBXSourcesBuildPhase;
			buildActionMask = 2147483647;
			files = (
				E3A652D320DA91A200928215 /* AppFoundationsTests.swift in Sources */,
			);
			runOnlyForDeploymentPostprocessing = 0;
		};
		E3A652D520DA91A200928215 /* Sources */ = {
			isa = PBXSourcesBuildPhase;
			buildActionMask = 2147483647;
			files = (
				E3A652DE20DA91A200928215 /* AppFoundationsUITests.swift in Sources */,
			);
			runOnlyForDeploymentPostprocessing = 0;
		};
/* End PBXSourcesBuildPhase section */

/* Begin PBXTargetDependency section */
		E3A652D020DA91A200928215 /* PBXTargetDependency */ = {
			isa = PBXTargetDependency;
			target = E3A652B920DA91A200928215 /* AppFoundations */;
			targetProxy = E3A652CF20DA91A200928215 /* PBXContainerItemProxy */;
		};
		E3A652DB20DA91A200928215 /* PBXTargetDependency */ = {
			isa = PBXTargetDependency;
			target = E3A652B920DA91A200928215 /* AppFoundations */;
			targetProxy = E3A652DA20DA91A200928215 /* PBXContainerItemProxy */;
		};
/* End PBXTargetDependency section */

/* Begin PBXVariantGroup section */
		E3A652C120DA91A200928215 /* Main.storyboard */ = {
			isa = PBXVariantGroup;
			children = (
				E3A652C220DA91A200928215 /* Base */,
			);
			name = Main.storyboard;
			sourceTree = "<group>";
		};
		E3A652C620DA91A200928215 /* LaunchScreen.storyboard */ = {
			isa = PBXVariantGroup;
			children = (
				E3A652C720DA91A200928215 /* Base */,
			);
			name = LaunchScreen.storyboard;
			sourceTree = "<group>";
		};
/* End PBXVariantGroup section */

/* Begin XCBuildConfiguration section */
		E3A652E020DA91A200928215 /* Debug */ = {
			isa = XCBuildConfiguration;
			buildSettings = {
				ALWAYS_SEARCH_USER_PATHS = NO;
				CLANG_ANALYZER_NONNULL = YES;
				CLANG_ANALYZER_NUMBER_OBJECT_CONVERSION = YES_AGGRESSIVE;
				CLANG_CXX_LANGUAGE_STANDARD = "gnu++14";
				CLANG_CXX_LIBRARY = "libc++";
				CLANG_ENABLE_MODULES = YES;
				CLANG_ENABLE_OBJC_ARC = YES;
				CLANG_WARN_BLOCK_CAPTURE_AUTORELEASING = YES;
				CLANG_WARN_BOOL_CONVERSION = YES;
				CLANG_WARN_COMMA = YES;
				CLANG_WARN_CONSTANT_CONVERSION = YES;
				CLANG_WARN_DIRECT_OBJC_ISA_USAGE = YES_ERROR;
				CLANG_WARN_DOCUMENTATION_COMMENTS = YES;
				CLANG_WARN_EMPTY_BODY = YES;
				CLANG_WARN_ENUM_CONVERSION = YES;
				CLANG_WARN_INFINITE_RECURSION = YES;
				CLANG_WARN_INT_CONVERSION = YES;
				CLANG_WARN_NON_LITERAL_NULL_CONVERSION = YES;
				CLANG_WARN_OBJC_LITERAL_CONVERSION = YES;
				CLANG_WARN_OBJC_ROOT_CLASS = YES_ERROR;
				CLANG_WARN_RANGE_LOOP_ANALYSIS = YES;
				CLANG_WARN_STRICT_PROTOTYPES = YES;
				CLANG_WARN_SUSPICIOUS_MOVE = YES;
				CLANG_WARN_UNGUARDED_AVAILABILITY = YES_AGGRESSIVE;
				CLANG_WARN_UNREACHABLE_CODE = YES;
				CLANG_WARN__DUPLICATE_METHOD_MATCH = YES;
				CODE_SIGN_IDENTITY = "iPhone Developer";
				COPY_PHASE_STRIP = NO;
				DEBUG_INFORMATION_FORMAT = dwarf;
				ENABLE_STRICT_OBJC_MSGSEND = YES;
				ENABLE_TESTABILITY = YES;
				GCC_C_LANGUAGE_STANDARD = gnu11;
				GCC_DYNAMIC_NO_PIC = NO;
				GCC_NO_COMMON_BLOCKS = YES;
				GCC_OPTIMIZATION_LEVEL = 0;
				GCC_PREPROCESSOR_DEFINITIONS = (
					"DEBUG=1",
					"$(inherited)",
				);
				GCC_WARN_64_TO_32_BIT_CONVERSION = YES;
				GCC_WARN_ABOUT_RETURN_TYPE = YES_ERROR;
				GCC_WARN_UNDECLARED_SELECTOR = YES;
				GCC_WARN_UNINITIALIZED_AUTOS = YES_AGGRESSIVE;
				GCC_WARN_UNUSED_FUNCTION = YES;
				GCC_WARN_UNUSED_VARIABLE = YES;
				IPHONEOS_DEPLOYMENT_TARGET = 11.2;
				MTL_ENABLE_DEBUG_INFO = YES;
				ONLY_ACTIVE_ARCH = YES;
				SDKROOT = iphoneos;
				SWIFT_ACTIVE_COMPILATION_CONDITIONS = DEBUG;
				SWIFT_OPTIMIZATION_LEVEL = "-Onone";
			};
			name = Debug;
		};
		E3A652E120DA91A200928215 /* Release */ = {
			isa = XCBuildConfiguration;
			buildSettings = {
				ALWAYS_SEARCH_USER_PATHS = NO;
				CLANG_ANALYZER_NONNULL = YES;
				CLANG_ANALYZER_NUMBER_OBJECT_CONVERSION = YES_AGGRESSIVE;
				CLANG_CXX_LANGUAGE_STANDARD = "gnu++14";
				CLANG_CXX_LIBRARY = "libc++";
				CLANG_ENABLE_MODULES = YES;
				CLANG_ENABLE_OBJC_ARC = YES;
				CLANG_WARN_BLOCK_CAPTURE_AUTORELEASING = YES;
				CLANG_WARN_BOOL_CONVERSION = YES;
				CLANG_WARN_COMMA = YES;
				CLANG_WARN_CONSTANT_CONVERSION = YES;
				CLANG_WARN_DIRECT_OBJC_ISA_USAGE = YES_ERROR;
				CLANG_WARN_DOCUMENTATION_COMMENTS = YES;
				CLANG_WARN_EMPTY_BODY = YES;
				CLANG_WARN_ENUM_CONVERSION = YES;
				CLANG_WARN_INFINITE_RECURSION = YES;
				CLANG_WARN_INT_CONVERSION = YES;
				CLANG_WARN_NON_LITERAL_NULL_CONVERSION = YES;
				CLANG_WARN_OBJC_LITERAL_CONVERSION = YES;
				CLANG_WARN_OBJC_ROOT_CLASS = YES_ERROR;
				CLANG_WARN_RANGE_LOOP_ANALYSIS = YES;
				CLANG_WARN_STRICT_PROTOTYPES = YES;
				CLANG_WARN_SUSPICIOUS_MOVE = YES;
				CLANG_WARN_UNGUARDED_AVAILABILITY = YES_AGGRESSIVE;
				CLANG_WARN_UNREACHABLE_CODE = YES;
				CLANG_WARN__DUPLICATE_METHOD_MATCH = YES;
				CODE_SIGN_IDENTITY = "iPhone Developer";
				COPY_PHASE_STRIP = NO;
				DEBUG_INFORMATION_FORMAT = "dwarf-with-dsym";
				ENABLE_NS_ASSERTIONS = NO;
				ENABLE_STRICT_OBJC_MSGSEND = YES;
				GCC_C_LANGUAGE_STANDARD = gnu11;
				GCC_NO_COMMON_BLOCKS = YES;
				GCC_WARN_64_TO_32_BIT_CONVERSION = YES;
				GCC_WARN_ABOUT_RETURN_TYPE = YES_ERROR;
				GCC_WARN_UNDECLARED_SELECTOR = YES;
				GCC_WARN_UNINITIALIZED_AUTOS = YES_AGGRESSIVE;
				GCC_WARN_UNUSED_FUNCTION = YES;
				GCC_WARN_UNUSED_VARIABLE = YES;
				IPHONEOS_DEPLOYMENT_TARGET = 11.2;
				MTL_ENABLE_DEBUG_INFO = NO;
				SDKROOT = iphoneos;
				SWIFT_OPTIMIZATION_LEVEL = "-Owholemodule";
				VALIDATE_PRODUCT = YES;
			};
			name = Release;
		};
		E3A652E320DA91A200928215 /* Debug */ = {
			isa = XCBuildConfiguration;
			buildSettings = {
				ASSETCATALOG_COMPILER_APPICON_NAME = AppIcon;
				CODE_SIGN_STYLE = Automatic;
				INFOPLIST_FILE = AppFoundations/Info.plist;
				LD_RUNPATH_SEARCH_PATHS = "$(inherited) @executable_path/Frameworks";
				PRODUCT_BUNDLE_IDENTIFIER = cin.AppFoundations;
				PRODUCT_NAME = "$(TARGET_NAME)";
				SWIFT_VERSION = 4.0;
				TARGETED_DEVICE_FAMILY = "1,2";
			};
			name = Debug;
		};
		E3A652E420DA91A200928215 /* Release */ = {
			isa = XCBuildConfiguration;
			buildSettings = {
				ASSETCATALOG_COMPILER_APPICON_NAME = AppIcon;
				CODE_SIGN_STYLE = Automatic;
				INFOPLIST_FILE = AppFoundations/Info.plist;
				LD_RUNPATH_SEARCH_PATHS = "$(inherited) @executable_path/Frameworks";
				PRODUCT_BUNDLE_IDENTIFIER = cin.AppFoundations;
				PRODUCT_NAME = "$(TARGET_NAME)";
				SWIFT_VERSION = 4.0;
				TARGETED_DEVICE_FAMILY = "1,2";
			};
			name = Release;
		};
		E3A652E620DA91A200928215 /* Debug */ = {
			isa = XCBuildConfiguration;
			buildSettings = {
				ALWAYS_EMBED_SWIFT_STANDARD_LIBRARIES = YES;
				BUNDLE_LOADER = "$(TEST_HOST)";
				CODE_SIGN_STYLE = Automatic;
				INFOPLIST_FILE = AppFoundationsTests/Info.plist;
				LD_RUNPATH_SEARCH_PATHS = "$(inherited) @executable_path/Frameworks @loader_path/Frameworks";
				PRODUCT_BUNDLE_IDENTIFIER = cin.AppFoundationsTests;
				PRODUCT_NAME = "$(TARGET_NAME)";
				SWIFT_VERSION = 4.0;
				TARGETED_DEVICE_FAMILY = "1,2";
				TEST_HOST = "$(BUILT_PRODUCTS_DIR)/AppFoundations.app/AppFoundations";
			};
			name = Debug;
		};
		E3A652E720DA91A200928215 /* Release */ = {
			isa = XCBuildConfiguration;
			buildSettings = {
				ALWAYS_EMBED_SWIFT_STANDARD_LIBRARIES = YES;
				BUNDLE_LOADER = "$(TEST_HOST)";
				CODE_SIGN_STYLE = Automatic;
				INFOPLIST_FILE = AppFoundationsTests/Info.plist;
				LD_RUNPATH_SEARCH_PATHS = "$(inherited) @executable_path/Frameworks @loader_path/Frameworks";
				PRODUCT_BUNDLE_IDENTIFIER = cin.AppFoundationsTests;
				PRODUCT_NAME = "$(TARGET_NAME)";
				SWIFT_VERSION = 4.0;
				TARGETED_DEVICE_FAMILY = "1,2";
				TEST_HOST = "$(BUILT_PRODUCTS_DIR)/AppFoundations.app/AppFoundations";
			};
			name = Release;
		};
		E3A652E920DA91A200928215 /* Debug */ = {
			isa = XCBuildConfiguration;
			buildSettings = {
				ALWAYS_EMBED_SWIFT_STANDARD_LIBRARIES = YES;
				CODE_SIGN_STYLE = Automatic;
				INFOPLIST_FILE = AppFoundationsUITests/Info.plist;
				LD_RUNPATH_SEARCH_PATHS = "$(inherited) @executable_path/Frameworks @loader_path/Frameworks";
				PRODUCT_BUNDLE_IDENTIFIER = cin.AppFoundationsUITests;
				PRODUCT_NAME = "$(TARGET_NAME)";
				SWIFT_VERSION = 4.0;
				TARGETED_DEVICE_FAMILY = "1,2";
				TEST_TARGET_NAME = AppFoundations;
			};
			name = Debug;
		};
		E3A652EA20DA91A200928215 /* Release */ = {
			isa = XCBuildConfiguration;
			buildSettings = {
				ALWAYS_EMBED_SWIFT_STANDARD_LIBRARIES = YES;
				CODE_SIGN_STYLE = Automatic;
				INFOPLIST_FILE = AppFoundationsUITests/Info.plist;
				LD_RUNPATH_SEARCH_PATHS = "$(inherited) @executable_path/Frameworks @loader_path/Frameworks";
				PRODUCT_BUNDLE_IDENTIFIER = cin.AppFoundationsUITests;
				PRODUCT_NAME = "$(TARGET_NAME)";
				SWIFT_VERSION = 4.0;
				TARGETED_DEVICE_FAMILY = "1,2";
				TEST_TARGET_NAME = AppFoundations;
			};
			name = Release;
		};
/* End XCBuildConfiguration section */

/* Begin XCConfigurationList section */
		E3A652B520DA91A200928215 /* Build configuration list for PBXProject "AppFoundations" */ = {
			isa = XCConfigurationList;
			buildConfigurations = (
				E3A652E020DA91A200928215 /* Debug */,
				E3A652E120DA91A200928215 /* Release */,
			);
			defaultConfigurationIsVisible = 0;
			defaultConfigurationName = Release;
		};
		E3A652E220DA91A200928215 /* Build configuration list for PBXNativeTarget "AppFoundations" */ = {
			isa = XCConfigurationList;
			buildConfigurations = (
				E3A652E320DA91A200928215 /* Debug */,
				E3A652E420DA91A200928215 /* Release */,
			);
			defaultConfigurationIsVisible = 0;
			defaultConfigurationName = Release;
		};
		E3A652E520DA91A200928215 /* Build configuration list for PBXNativeTarget "AppFoundationsTests" */ = {
			isa = XCConfigurationList;
			buildConfigurations = (
				E3A652E620DA91A200928215 /* Debug */,
				E3A652E720DA91A200928215 /* Release */,
			);
			defaultConfigurationIsVisible = 0;
			defaultConfigurationName = Release;
		};
		E3A652E820DA91A200928215 /* Build configuration list for PBXNativeTarget "AppFoundationsUITests" */ = {
			isa = XCConfigurationList;
			buildConfigurations = (
				E3A652E920DA91A200928215 /* Debug */,
				E3A652EA20DA91A200928215 /* Release */,
			);
			defaultConfigurationIsVisible = 0;
			defaultConfigurationName = Release;
		};
/* End XCConfigurationList section */
	};
	rootObject = E3A652B220DA91A200928215 /* Project object */;
}
